
Microsoft Visual Studio Solution File, Format Version 12.00
# Visual Studio Version 17
VisualStudioVersion = 17.5.002.0
MinimumVisualStudioVersion = 10.0.40219.1
Project("{9A19103F-16F7-4668-BE54-9A1E7A4F7556}") = "13.Dosya_Islemleri", "13.Dosya_Islemleri.csproj", "{938237DB-EC9F-403B-8911-45F6D594B7CD}"
EndProject
Global
	GlobalSection(SolutionConfigurationPlatforms) = preSolution
		Debug|Any CPU = Debug|Any CPU
		Release|Any CPU = Release|Any CPU
	EndGlobalSection
	GlobalSection(ProjectConfigurationPlatforms) = postSolution
		{938237DB-EC9F-403B-8911-45F6D594B7CD}.Debug|Any CPU.ActiveCfg = Debug|Any CPU
		{938237DB-EC9F-403B-8911-45F6D594B7CD}.Debug|Any CPU.Build.0 = Debug|Any CPU
		{938237DB-EC9F-403B-8911-45F6D594B7CD}.Release|Any CPU.ActiveCfg = Release|Any CPU
		{938237DB-EC9F-403B-8911-45F6D594B7CD}.Release|Any CPU.Build.0 = Release|Any CPU
	EndGlobalSection
	GlobalSection(SolutionProperties) = preSolution
		HideSolutionNode = FALSE
	EndGlobalSection
	GlobalSection(ExtensibilityGlobals) = postSolution
		SolutionGuid = {5C7D9A99-18C2-4A4C-8DBF-2D30AC7EEA4F}
	EndGlobalSection
EndGlobal
